
Microsoft Visual Studio Solution File, Format Version 11.00
# Visual Studio 2010
Project("{FAE04EC0-301F-11D3-BF4B-00C04F79EFBC}") = "MvcMovie", "MvcMovie\MvcMovie.csproj", "{7BF75B7B-81C6-4C77-AD3E-B973E0EEE676}"
EndProject
Global
	GlobalSection(SolutionConfigurationPlatforms) = preSolution
		Debug|Any CPU = Debug|Any CPU
		Release|Any CPU = Release|Any CPU
	EndGlobalSection
	GlobalSection(ProjectConfigurationPlatforms) = postSolution
		{7BF75B7B-81C6-4C77-AD3E-B973E0EEE676}.Debug|Any CPU.ActiveCfg = Debug|Any CPU
		{7BF75B7B-81C6-4C77-AD3E-B973E0EEE676}.Debug|Any CPU.Build.0 = Debug|Any CPU
		{7BF75B7B-81C6-4C77-AD3E-B973E0EEE676}.Release|Any CPU.ActiveCfg = Release|Any CPU
		{7BF75B7B-81C6-4C77-AD3E-B973E0EEE676}.Release|Any CPU.Build.0 = Release|Any CPU
	EndGlobalSection
	GlobalSection(SolutionProperties) = preSolution
		HideSolutionNode = FALSE
	EndGlobalSection
EndGlobal
